
Microsoft Visual Studio Solution File, Format Version 12.00
# Visual Studio Version 16
VisualStudioVersion = 16.0.30611.23
MinimumVisualStudioVersion = 10.0.40219.1
Project("{F184B08F-C81C-45F6-A57F-5ABD9991F28F}") = "Config_Wizard", "Config_Wizard\Config_Wizard.vbproj", "{FCAD2FA0-23D8-438D-92EF-CF36542012DB}"
EndProject
Global
	GlobalSection(SolutionConfigurationPlatforms) = preSolution
		Debug|Any CPU = Debug|Any CPU
		Release|Any CPU = Release|Any CPU
	EndGlobalSection
	GlobalSection(ProjectConfigurationPlatforms) = postSolution
		{FCAD2FA0-23D8-438D-92EF-CF36542012DB}.Debug|Any CPU.ActiveCfg = Debug|Any CPU
		{FCAD2FA0-23D8-438D-92EF-CF36542012DB}.Debug|Any CPU.Build.0 = Debug|Any CPU
		{FCAD2FA0-23D8-438D-92EF-CF36542012DB}.Release|Any CPU.ActiveCfg = Release|Any CPU
		{FCAD2FA0-23D8-438D-92EF-CF36542012DB}.Release|Any CPU.Build.0 = Release|Any CPU
	EndGlobalSection
	GlobalSection(SolutionProperties) = preSolution
		HideSolutionNode = FALSE
	EndGlobalSection
	GlobalSection(ExtensibilityGlobals) = postSolution
		SolutionGuid = {CE6BC12B-AA35-4D11-A0A0-DD56D6C5A36B}
	EndGlobalSection
EndGlobal
